
Microsoft Visual Studio Solution File, Format Version 12.00
# Visual Studio 15
VisualStudioVersion = 15.0.27428.2037
MinimumVisualStudioVersion = 10.0.40219.1
Project("{FAE04EC0-301F-11D3-BF4B-00C04F79EFBC}") = "Luokan-luonti-konstruktorit", "Luokan-luonti-konstruktorit\Luokan-luonti-konstruktorit.csproj", "{39D74E1F-E202-4C3F-AABC-FEFFEDA1432D}"
EndProject
Project("{2150E333-8FDC-42A3-9474-1A3956D46DE8}") = "Solution Items", "Solution Items", "{07580B72-BE92-432F-AB56-66A62CAB9ADC}"
EndProject
Project("{FAE04EC0-301F-11D3-BF4B-00C04F79EFBC}") = "ElainLuokat", "ElainLuokat\ElainLuokat.csproj", "{C7AD32C0-481A-4E4C-93CA-421FE03CD9CF}"
EndProject
Global
	GlobalSection(SolutionConfigurationPlatforms) = preSolution
		Debug|Any CPU = Debug|Any CPU
		Release|Any CPU = Release|Any CPU
	EndGlobalSection
	GlobalSection(ProjectConfigurationPlatforms) = postSolution
		{39D74E1F-E202-4C3F-AABC-FEFFEDA1432D}.Debug|Any CPU.ActiveCfg = Debug|Any CPU
		{39D74E1F-E202-4C3F-AABC-FEFFEDA1432D}.Debug|Any CPU.Build.0 = Debug|Any CPU
		{39D74E1F-E202-4C3F-AABC-FEFFEDA1432D}.Release|Any CPU.ActiveCfg = Release|Any CPU
		{39D74E1F-E202-4C3F-AABC-FEFFEDA1432D}.Release|Any CPU.Build.0 = Release|Any CPU
		{C7AD32C0-481A-4E4C-93CA-421FE03CD9CF}.Debug|Any CPU.ActiveCfg = Debug|Any CPU
		{C7AD32C0-481A-4E4C-93CA-421FE03CD9CF}.Debug|Any CPU.Build.0 = Debug|Any CPU
		{C7AD32C0-481A-4E4C-93CA-421FE03CD9CF}.Release|Any CPU.ActiveCfg = Release|Any CPU
		{C7AD32C0-481A-4E4C-93CA-421FE03CD9CF}.Release|Any CPU.Build.0 = Release|Any CPU
	EndGlobalSection
	GlobalSection(SolutionProperties) = preSolution
		HideSolutionNode = FALSE
	EndGlobalSection
	GlobalSection(ExtensibilityGlobals) = postSolution
		SolutionGuid = {D9F9B988-F195-4C4B-A62D-604296DA7F6A}
	EndGlobalSection
EndGlobal
